
Microsoft Visual Studio Solution File, Format Version 12.00
# Visual Studio 15
VisualStudioVersion = 15.0.28010.2036
MinimumVisualStudioVersion = 10.0.40219.1
Project("{8BC9CEB8-8B4A-11D0-8D11-00A0C91BC942}") = "Lab 7", "Lab 7\Lab 7.vcxproj", "{279B6DB6-EBBA-4BE2-AFF0-81414C35B96D}"
EndProject
Global
	GlobalSection(SolutionConfigurationPlatforms) = preSolution
		Debug|x64 = Debug|x64
		Debug|x86 = Debug|x86
		Release|x64 = Release|x64
		Release|x86 = Release|x86
	EndGlobalSection
	GlobalSection(ProjectConfigurationPlatforms) = postSolution
		{279B6DB6-EBBA-4BE2-AFF0-81414C35B96D}.Debug|x64.ActiveCfg = Debug|x64
		{279B6DB6-EBBA-4BE2-AFF0-81414C35B96D}.Debug|x64.Build.0 = Debug|x64
		{279B6DB6-EBBA-4BE2-AFF0-81414C35B96D}.Debug|x86.ActiveCfg = Debug|Win32
		{279B6DB6-EBBA-4BE2-AFF0-81414C35B96D}.Debug|x86.Build.0 = Debug|Win32
		{279B6DB6-EBBA-4BE2-AFF0-81414C35B96D}.Release|x64.ActiveCfg = Release|x64
		{279B6DB6-EBBA-4BE2-AFF0-81414C35B96D}.Release|x64.Build.0 = Release|x64
		{279B6DB6-EBBA-4BE2-AFF0-81414C35B96D}.Release|x86.ActiveCfg = Release|Win32
		{279B6DB6-EBBA-4BE2-AFF0-81414C35B96D}.Release|x86.Build.0 = Release|Win32
	EndGlobalSection
	GlobalSection(SolutionProperties) = preSolution
		HideSolutionNode = FALSE
	EndGlobalSection
	GlobalSection(ExtensibilityGlobals) = postSolution
		SolutionGuid = {DD8DE6A4-16A6-4FD6-A20F-85A840AA7399}
	EndGlobalSection
EndGlobal
