
Microsoft Visual Studio Solution File, Format Version 12.00
# Visual Studio 15
VisualStudioVersion = 15.0.28307.1500
MinimumVisualStudioVersion = 10.0.40219.1
Project("{FAE04EC0-301F-11D3-BF4B-00C04F79EFBC}") = "lab5", "lab5\lab5.csproj", "{F13BA074-4B4B-465B-BB0A-08755023E37B}"
EndProject
Global
	GlobalSection(SolutionConfigurationPlatforms) = preSolution
		Debug|Any CPU = Debug|Any CPU
		Release|Any CPU = Release|Any CPU
	EndGlobalSection
	GlobalSection(ProjectConfigurationPlatforms) = postSolution
		{F13BA074-4B4B-465B-BB0A-08755023E37B}.Debug|Any CPU.ActiveCfg = Debug|Any CPU
		{F13BA074-4B4B-465B-BB0A-08755023E37B}.Debug|Any CPU.Build.0 = Debug|Any CPU
		{F13BA074-4B4B-465B-BB0A-08755023E37B}.Release|Any CPU.ActiveCfg = Release|Any CPU
		{F13BA074-4B4B-465B-BB0A-08755023E37B}.Release|Any CPU.Build.0 = Release|Any CPU
	EndGlobalSection
	GlobalSection(SolutionProperties) = preSolution
		HideSolutionNode = FALSE
	EndGlobalSection
	GlobalSection(ExtensibilityGlobals) = postSolution
		SolutionGuid = {3690359B-D048-479A-9BFE-668AF98BFC37}
	EndGlobalSection
EndGlobal
